
Microsoft Visual Studio Solution File, Format Version 12.00
# Visual Studio Version 17
VisualStudioVersion = 17.5.33424.131
MinimumVisualStudioVersion = 10.0.40219.1
Project("{FAE04EC0-301F-11D3-BF4B-00C04F79EFBC}") = "FinalTask", "FinalTask.csproj", "{E01409F3-B935-40BB-B3B4-1AC44F10F50E}"
EndProject
Global
	GlobalSection(SolutionConfigurationPlatforms) = preSolution
		Debug|Any CPU = Debug|Any CPU
		Release|Any CPU = Release|Any CPU
	EndGlobalSection
	GlobalSection(ProjectConfigurationPlatforms) = postSolution
		{E01409F3-B935-40BB-B3B4-1AC44F10F50E}.Debug|Any CPU.ActiveCfg = Debug|Any CPU
		{E01409F3-B935-40BB-B3B4-1AC44F10F50E}.Debug|Any CPU.Build.0 = Debug|Any CPU
		{E01409F3-B935-40BB-B3B4-1AC44F10F50E}.Release|Any CPU.ActiveCfg = Release|Any CPU
		{E01409F3-B935-40BB-B3B4-1AC44F10F50E}.Release|Any CPU.Build.0 = Release|Any CPU
	EndGlobalSection
	GlobalSection(SolutionProperties) = preSolution
		HideSolutionNode = FALSE
	EndGlobalSection
	GlobalSection(ExtensibilityGlobals) = postSolution
		SolutionGuid = {62F85959-FF17-404A-A156-9E4050180C31}
	EndGlobalSection
EndGlobal
